
Microsoft Visual Studio Solution File, Format Version 12.00
# Visual Studio Version 16
VisualStudioVersion = 16.0.30804.86
MinimumVisualStudioVersion = 10.0.40219.1
Project("{9A19103F-16F7-4668-BE54-9A1E7A4F7556}") = "TikzFix", "TikzFix\TikzFix.csproj", "{5AB1117B-35E1-433B-B216-558BA124E777}"
EndProject
Project("{FAE04EC0-301F-11D3-BF4B-00C04F79EFBC}") = "TikzFixTests", "TikzFixTests\TikzFixTests.csproj", "{C0389370-1E16-4D16-B111-DF0434F15892}"
EndProject
Global
	GlobalSection(SolutionConfigurationPlatforms) = preSolution
		Debug|Any CPU = Debug|Any CPU
		Release|Any CPU = Release|Any CPU
	EndGlobalSection
	GlobalSection(ProjectConfigurationPlatforms) = postSolution
		{5AB1117B-35E1-433B-B216-558BA124E777}.Debug|Any CPU.ActiveCfg = Debug|Any CPU
		{5AB1117B-35E1-433B-B216-558BA124E777}.Debug|Any CPU.Build.0 = Debug|Any CPU
		{5AB1117B-35E1-433B-B216-558BA124E777}.Release|Any CPU.ActiveCfg = Release|Any CPU
		{5AB1117B-35E1-433B-B216-558BA124E777}.Release|Any CPU.Build.0 = Release|Any CPU
		{C0389370-1E16-4D16-B111-DF0434F15892}.Debug|Any CPU.ActiveCfg = Debug|Any CPU
		{C0389370-1E16-4D16-B111-DF0434F15892}.Debug|Any CPU.Build.0 = Debug|Any CPU
		{C0389370-1E16-4D16-B111-DF0434F15892}.Release|Any CPU.ActiveCfg = Release|Any CPU
		{C0389370-1E16-4D16-B111-DF0434F15892}.Release|Any CPU.Build.0 = Release|Any CPU
	EndGlobalSection
	GlobalSection(SolutionProperties) = preSolution
		HideSolutionNode = FALSE
	EndGlobalSection
	GlobalSection(ExtensibilityGlobals) = postSolution
		SolutionGuid = {EAE0B7EB-8B66-4260-ABAD-15221E5555DC}
	EndGlobalSection
EndGlobal
